
Microsoft Visual Studio Solution File, Format Version 12.00
# Visual Studio Version 17
VisualStudioVersion = 17.7.34302.85
MinimumVisualStudioVersion = 10.0.40219.1
Project("{FAE04EC0-301F-11D3-BF4B-00C04F79EFBC}") = "WEBAPP_VIS_Patientsakerhet_Matning", "WEBAPP_VIS_Patientsakerhet_Matning.csproj", "{5237B70F-9A91-45B0-ADAB-9EF60FBCE3C0}"
EndProject
Global
	GlobalSection(SolutionConfigurationPlatforms) = preSolution
		Debug|Any CPU = Debug|Any CPU
		Release|Any CPU = Release|Any CPU
	EndGlobalSection
	GlobalSection(ProjectConfigurationPlatforms) = postSolution
		{5237B70F-9A91-45B0-ADAB-9EF60FBCE3C0}.Debug|Any CPU.ActiveCfg = Debug|Any CPU
		{5237B70F-9A91-45B0-ADAB-9EF60FBCE3C0}.Debug|Any CPU.Build.0 = Debug|Any CPU
		{5237B70F-9A91-45B0-ADAB-9EF60FBCE3C0}.Release|Any CPU.ActiveCfg = Release|Any CPU
		{5237B70F-9A91-45B0-ADAB-9EF60FBCE3C0}.Release|Any CPU.Build.0 = Release|Any CPU
	EndGlobalSection
	GlobalSection(SolutionProperties) = preSolution
		HideSolutionNode = FALSE
	EndGlobalSection
	GlobalSection(ExtensibilityGlobals) = postSolution
		SolutionGuid = {ED9A7DA4-A924-48A7-A697-9550602C25F7}
	EndGlobalSection
EndGlobal
